
Microsoft Visual Studio Solution File, Format Version 12.00
# Visual Studio Version 17
VisualStudioVersion = 17.10.34928.147
MinimumVisualStudioVersion = 10.0.40219.1
Project("{FAE04EC0-301F-11D3-BF4B-00C04F79EFBC}") = "20240603_assignment1", "20240603_assignment1\20240603_assignment1.csproj", "{87D4F6BC-3D0D-4C5B-BDFD-9D46188FC811}"
EndProject
Global
	GlobalSection(SolutionConfigurationPlatforms) = preSolution
		Debug|Any CPU = Debug|Any CPU
		Release|Any CPU = Release|Any CPU
	EndGlobalSection
	GlobalSection(ProjectConfigurationPlatforms) = postSolution
		{87D4F6BC-3D0D-4C5B-BDFD-9D46188FC811}.Debug|Any CPU.ActiveCfg = Debug|Any CPU
		{87D4F6BC-3D0D-4C5B-BDFD-9D46188FC811}.Debug|Any CPU.Build.0 = Debug|Any CPU
		{87D4F6BC-3D0D-4C5B-BDFD-9D46188FC811}.Release|Any CPU.ActiveCfg = Release|Any CPU
		{87D4F6BC-3D0D-4C5B-BDFD-9D46188FC811}.Release|Any CPU.Build.0 = Release|Any CPU
	EndGlobalSection
	GlobalSection(SolutionProperties) = preSolution
		HideSolutionNode = FALSE
	EndGlobalSection
	GlobalSection(ExtensibilityGlobals) = postSolution
		SolutionGuid = {50BE4F3D-63B1-4BB0-A4F6-37297780156A}
	EndGlobalSection
EndGlobal
